<?xml version="1.0" encoding="utf-8"?>
<Project ToolsVersion="17.0" xmlns="http://schemas.microsoft.com/developer/msbuild/2003">
  <ItemGroup>
    <CustomBuild Include="C:\code\F24_Kevin_Wander\Kevin_Wander_Fall_24\glfw_build\CMakeFiles\41b0b8fc6fde407fedfcacad414db731\generate.stamp.rule">
      <Filter>CMake Rules</Filter>
    </CustomBuild>
  </ItemGroup>
  <ItemGroup>
    <Filter Include="CMake Rules">
      <UniqueIdentifier>{B15DE2E1-C76B-3F0E-80FF-DBF5D9B5C7B2}</UniqueIdentifier>
    </Filter>
  </ItemGroup>
</Project>
